
Microsoft Visual Studio Solution File, Format Version 12.00
# Visual Studio Version 17
VisualStudioVersion = 17.1.32228.430
MinimumVisualStudioVersion = 10.0.40219.1
Project("{FAE04EC0-301F-11D3-BF4B-00C04F79EFBC}") = "Desktop Trello", "Desktop Trello\Desktop Trello.csproj", "{18FB846C-4F55-4D33-9DA1-DF45F583DDA8}"
EndProject
Global
	GlobalSection(SolutionConfigurationPlatforms) = preSolution
		Debug|Any CPU = Debug|Any CPU
		Release|Any CPU = Release|Any CPU
	EndGlobalSection
	GlobalSection(ProjectConfigurationPlatforms) = postSolution
		{18FB846C-4F55-4D33-9DA1-DF45F583DDA8}.Debug|Any CPU.ActiveCfg = Debug|Any CPU
		{18FB846C-4F55-4D33-9DA1-DF45F583DDA8}.Debug|Any CPU.Build.0 = Debug|Any CPU
		{18FB846C-4F55-4D33-9DA1-DF45F583DDA8}.Release|Any CPU.ActiveCfg = Release|Any CPU
		{18FB846C-4F55-4D33-9DA1-DF45F583DDA8}.Release|Any CPU.Build.0 = Release|Any CPU
	EndGlobalSection
	GlobalSection(SolutionProperties) = preSolution
		HideSolutionNode = FALSE
	EndGlobalSection
	GlobalSection(ExtensibilityGlobals) = postSolution
		SolutionGuid = {B9F47E52-02EF-4AD3-B50E-3FA95D61BABD}
	EndGlobalSection
EndGlobal
